
Microsoft Visual Studio Solution File, Format Version 12.00
# Visual Studio 15
Project("{FAE04EC0-301F-11D3-BF4B-00C04F79EFBC}") = "Assembly-CSharp", "Assembly-CSharp.csproj", "{329F3DAD-B581-4773-0B49-52548F1F541D}"
EndProject
Project("{FAE04EC0-301F-11D3-BF4B-00C04F79EFBC}") = "NavMeshComponents", "NavMeshComponents.csproj", "{BDFB5AF4-46B5-E365-E51A-2585C69D9AB6}"
EndProject
Project("{FAE04EC0-301F-11D3-BF4B-00C04F79EFBC}") = "Assembly-CSharp-Editor", "Assembly-CSharp-Editor.csproj", "{3443DA2A-4A0C-052A-DADC-38331A3785A2}"
EndProject
Project("{FAE04EC0-301F-11D3-BF4B-00C04F79EFBC}") = "NavMeshComponentsEditor", "NavMeshComponentsEditor.csproj", "{16048478-13B0-668D-3A9C-99D6240E5E4A}"
EndProject
Global
	GlobalSection(SolutionConfigurationPlatforms) = preSolution
		Debug|Any CPU = Debug|Any CPU
		Release|Any CPU = Release|Any CPU
	EndGlobalSection
	GlobalSection(ProjectConfigurationPlatforms) = postSolution
		{329F3DAD-B581-4773-0B49-52548F1F541D}.Debug|Any CPU.ActiveCfg = Debug|Any CPU
		{329F3DAD-B581-4773-0B49-52548F1F541D}.Debug|Any CPU.Build.0 = Debug|Any CPU
		{329F3DAD-B581-4773-0B49-52548F1F541D}.Release|Any CPU.ActiveCfg = Release|Any CPU
		{329F3DAD-B581-4773-0B49-52548F1F541D}.Release|Any CPU.Build.0 = Release|Any CPU
		{BDFB5AF4-46B5-E365-E51A-2585C69D9AB6}.Debug|Any CPU.ActiveCfg = Debug|Any CPU
		{BDFB5AF4-46B5-E365-E51A-2585C69D9AB6}.Debug|Any CPU.Build.0 = Debug|Any CPU
		{BDFB5AF4-46B5-E365-E51A-2585C69D9AB6}.Release|Any CPU.ActiveCfg = Release|Any CPU
		{BDFB5AF4-46B5-E365-E51A-2585C69D9AB6}.Release|Any CPU.Build.0 = Release|Any CPU
		{3443DA2A-4A0C-052A-DADC-38331A3785A2}.Debug|Any CPU.ActiveCfg = Debug|Any CPU
		{3443DA2A-4A0C-052A-DADC-38331A3785A2}.Debug|Any CPU.Build.0 = Debug|Any CPU
		{3443DA2A-4A0C-052A-DADC-38331A3785A2}.Release|Any CPU.ActiveCfg = Release|Any CPU
		{3443DA2A-4A0C-052A-DADC-38331A3785A2}.Release|Any CPU.Build.0 = Release|Any CPU
		{16048478-13B0-668D-3A9C-99D6240E5E4A}.Debug|Any CPU.ActiveCfg = Debug|Any CPU
		{16048478-13B0-668D-3A9C-99D6240E5E4A}.Debug|Any CPU.Build.0 = Debug|Any CPU
		{16048478-13B0-668D-3A9C-99D6240E5E4A}.Release|Any CPU.ActiveCfg = Release|Any CPU
		{16048478-13B0-668D-3A9C-99D6240E5E4A}.Release|Any CPU.Build.0 = Release|Any CPU
	EndGlobalSection
	GlobalSection(SolutionProperties) = preSolution
		HideSolutionNode = FALSE
	EndGlobalSection
EndGlobal
